<?xml version="1.0" encoding="utf-8"?>
<Project ToolsVersion="4.0" xmlns="http://schemas.microsoft.com/developer/msbuild/2003">
  <ItemGroup>
    <Filter Include="Source Files">
      <UniqueIdentifier>{4FC737F1-C7A5-4376-A066-2A32D752A2FF}</UniqueIdentifier>
      <Extensions>cpp;c;cc;cxx;def;odl;idl;hpj;bat;asm;asmx</Extensions>
    </Filter>
    <Filter Include="Header Files">
      <UniqueIdentifier>{93995380-89BD-4b04-88EB-625FBE52EBFB}</UniqueIdentifier>
      <Extensions>h;hh;hpp;hxx;hm;inl;inc;xsd</Extensions>
    </Filter>
    <Filter Include="Resource Files">
      <UniqueIdentifier>{67DA6AB6-F800-4c08-8B7A-83BB121AAD01}</UniqueIdentifier>
      <Extensions>rc;ico;cur;bmp;dlg;rc2;rct;bin;rgs;gif;jpg;jpeg;jpe;resx;tiff;tif;png;wav;mfcribbon-ms</Extensions>
    </Filter>
    <Filter Include="data">
      <UniqueIdentifier>{b1ad4f33-fbde-41cc-b49e-f21f913a80a7}</UniqueIdentifier>
    </Filter>
  </ItemGroup>
  <ItemGroup>
    <None Include="MicroHomebridgeAlexaEsp8266.ino" />
    <None Include="data\discoverydevice.json">
      <Filter>data</Filter>
    </None>
    <None Include="data\discoveryfooter.json">
      <Filter>data</Filter>
    </None>
    <None Include="data\discoveryheader.json">
      <Filter>data</Filter>
    </None>
    <None Include="data\index.html.gz">
      <Filter>data</Filter>
    </None>
    <None Include="data\inline.js.gz">
      <Filter>data</Filter>
    </None>
    <None Include="data\main.js.gz">
      <Filter>data</Filter>
    </None>
    <None Include="data\polyfills.js.gz">
      <Filter>data</Filter>
    </None>
    <None Include="data\state.json">
      <Filter>data</Filter>
    </None>
    <None Include="data\styles.css.gz">
      <Filter>data</Filter>
    </None>
    <None Include="data\switch.json">
      <Filter>data</Filter>
    </None>
    <None Include="..\README.md" />
  </ItemGroup>
  <ItemGroup>
    <ClInclude Include="__vm\.MicroHomebridgeAlexaEsp8266.vsarduino.h">
      <Filter>Header Files</Filter>
    </ClInclude>
    <ClInclude Include="Estore.h">
      <Filter>Header Files</Filter>
    </ClInclude>
    <ClInclude Include="MiniMqttClient.h">
      <Filter>Header Files</Filter>
    </ClInclude>
    <ClInclude Include="Progmem.h">
      <Filter>Header Files</Filter>
    </ClInclude>
    <ClInclude Include="WebInterface.h">
      <Filter>Header Files</Filter>
    </ClInclude>
    <ClInclude Include="WcFnRequestHandler.h">
      <Filter>Header Files</Filter>
    </ClInclude>
    <ClInclude Include="RemoteControl.h">
      <Filter>Header Files</Filter>
    </ClInclude>
    <ClInclude Include="FtpServ.h">
      <Filter>Header Files</Filter>
    </ClInclude>
    <ClInclude Include="StrFunc.h">
      <Filter>Header Files</Filter>
    </ClInclude>
  </ItemGroup>
  <ItemGroup>
    <Text Include="AlexaDump.txt" />
    <Text Include="daslog.txt" />
    <Text Include="daslog2.txt" />
  </ItemGroup>
  <ItemGroup>
    <Image Include="data\favicon.ico">
      <Filter>data</Filter>
    </Image>
  </ItemGroup>
</Project>